// !$*UTF8*$!
{
	archiveVersion = 1;
	classes = {
	};
	objectVersion = 46;
	objects = {

/* Begin PBXBuildFile section */
		B338D9B31C151F28004C293B /* AppDelegate.swift in Sources */ = {isa = PBXBuildFile; fileRef = B338D9B21C151F28004C293B /* AppDelegate.swift */; };
		B338D9B51C151F28004C293B /* ViewController.swift in Sources */ = {isa = PBXBuildFile; fileRef = B338D9B41C151F28004C293B /* ViewController.swift */; };
		B338D9B81C151F28004C293B /* Main.storyboard in Resources */ = {isa = PBXBuildFile; fileRef = B338D9B61C151F28004C293B /* Main.storyboard */; };
		B338D9BA1C151F28004C293B /* Assets.xcassets in Resources */ = {isa = PBXBuildFile; fileRef = B338D9B91C151F28004C293B /* Assets.xcassets */; };
		B338D9BD1C151F28004C293B /* LaunchScreen.storyboard in Resources */ = {isa = PBXBuildFile; fileRef = B338D9BB1C151F28004C293B /* LaunchScreen.storyboard */; };
		B338D9CA1C15B684004C293B /* ExpandableTableView.swift in Sources */ = {isa = PBXBuildFile; fileRef = B338D9C91C15B684004C293B /* ExpandableTableView.swift */; };
		B34899341C191B5300823079 /* ExpandableView.swift in Sources */ = {isa = PBXBuildFile; fileRef = B34899331C191B5300823079 /* ExpandableView.swift */; };
		B34899361C19298500823079 /* ViewController2.swift in Sources */ = {isa = PBXBuildFile; fileRef = B34899351C19298500823079 /* ViewController2.swift */; };
/* End PBXBuildFile section */

/* Begin PBXFileReference section */
		B338D9AF1C151F28004C293B /* ExpandableTableView.app */ = {isa = PBXFileReference; explicitFileType = wrapper.application; includeInIndex = 0; path = ExpandableTableView.app; sourceTree = BUILT_PRODUCTS_DIR; };
		B338D9B21C151F28004C293B /* AppDelegate.swift */ = {isa = PBXFileReference; lastKnownFileType = sourcecode.swift; path = AppDelegate.swift; sourceTree = "<group>"; };
		B338D9B41C151F28004C293B /* ViewController.swift */ = {isa = PBXFileReference; lastKnownFileType = sourcecode.swift; path = ViewController.swift; sourceTree = "<group>"; };
		B338D9B71C151F28004C293B /* Base */ = {isa = PBXFileReference; lastKnownFileType = file.storyboard; name = Base; path = Base.lproj/Main.storyboard; sourceTree = "<group>"; };
		B338D9B91C151F28004C293B /* Assets.xcassets */ = {isa = PBXFileReference; lastKnownFileType = folder.assetcatalog; path = Assets.xcassets; sourceTree = "<group>"; };
		B338D9BC1C151F28004C293B /* Base */ = {isa = PBXFileReference; lastKnownFileType = file.storyboard; name = Base; path = Base.lproj/LaunchScreen.storyboard; sourceTree = "<group>"; };
		B338D9BE1C151F28004C293B /* Info.plist */ = {isa = PBXFileReference; lastKnownFileType = text.plist.xml; path = Info.plist; sourceTree = "<group>"; };
		B338D9C91C15B684004C293B /* ExpandableTableView.swift */ = {isa = PBXFileReference; fileEncoding = 4; lastKnownFileType = sourcecode.swift; path = ExpandableTableView.swift; sourceTree = "<group>"; };
		B34899331C191B5300823079 /* ExpandableView.swift */ = {isa = PBXFileReference; fileEncoding = 4; lastKnownFileType = sourcecode.swift; path = ExpandableView.swift; sourceTree = "<group>"; };
		B34899351C19298500823079 /* ViewController2.swift */ = {isa = PBXFileReference; fileEncoding = 4; lastKnownFileType = sourcecode.swift; path = ViewController2.swift; sourceTree = "<group>"; };
/* End PBXFileReference section */

/* Begin PBXFrameworksBuildPhase section */
		B338D9AC1C151F28004C293B /* Frameworks */ = {
			isa = PBXFrameworksBuildPhase;
			buildActionMask = 2147483647;
			files = (
			);
			runOnlyForDeploymentPostprocessing = 0;
		};
/* End PBXFrameworksBuildPhase section */

/* Begin PBXGroup section */
		B338D9A61C151F28004C293B = {
			isa = PBXGroup;
			children = (
				B338D9B11C151F28004C293B /* ExpandableTableView */,
				B338D9B01C151F28004C293B /* Products */,
			);
			sourceTree = "<group>";
		};
		B338D9B01C151F28004C293B /* Products */ = {
			isa = PBXGroup;
			children = (
				B338D9AF1C151F28004C293B /* ExpandableTableView.app */,
			);
			name = Products;
			sourceTree = "<group>";
		};
		B338D9B11C151F28004C293B /* ExpandableTableView */ = {
			isa = PBXGroup;
			children = (
				B338D9B21C151F28004C293B /* AppDelegate.swift */,
				B338D9B41C151F28004C293B /* ViewController.swift */,
				B34899351C19298500823079 /* ViewController2.swift */,
				B338D9C91C15B684004C293B /* ExpandableTableView.swift */,
				B34899331C191B5300823079 /* ExpandableView.swift */,
				B338D9B61C151F28004C293B /* Main.storyboard */,
				B338D9B91C151F28004C293B /* Assets.xcassets */,
				B338D9BB1C151F28004C293B /* LaunchScreen.storyboard */,
				B338D9BE1C151F28004C293B /* Info.plist */,
			);
			path = ExpandableTableView;
			sourceTree = "<group>";
		};
/* End PBXGroup section */

/* Begin PBXNativeTarget section */
		B338D9AE1C151F28004C293B /* ExpandableTableView */ = {
			isa = PBXNativeTarget;
			buildConfigurationList = B338D9C11C151F28004C293B /* Build configuration list for PBXNativeTarget "ExpandableTableView" */;
			buildPhases = (
				B338D9AB1C151F28004C293B /* Sources */,
				B338D9AC1C151F28004C293B /* Frameworks */,
				B338D9AD1C151F28004C293B /* Resources */,
			);
			buildRules = (
			);
			dependencies = (
			);
			name = ExpandableTableView;
			productName = ExpandableTableView;
			productReference = B338D9AF1C151F28004C293B /* ExpandableTableView.app */;
			productType = "com.apple.product-type.application";
		};
/* End PBXNativeTarget section */

/* Begin PBXProject section */
		B338D9A71C151F28004C293B /* Project object */ = {
			isa = PBXProject;
			attributes = {
				LastSwiftUpdateCheck = 0710;
				LastUpgradeCheck = 0710;
				ORGANIZATIONNAME = "Hendy's MacMini";
				TargetAttributes = {
					B338D9AE1C151F28004C293B = {
						CreatedOnToolsVersion = 7.1.1;
						DevelopmentTeam = YY7TMMA7GX;
					};
				};
			};
			buildConfigurationList = B338D9AA1C151F28004C293B /* Build configuration list for PBXProject "ExpandableTableView" */;
			compatibilityVersion = "Xcode 3.2";
			developmentRegion = English;
			hasScannedForEncodings = 0;
			knownRegions = (
				en,
				Base,
			);
			mainGroup = B338D9A61C151F28004C293B;
			productRefGroup = B338D9B01C151F28004C293B /* Products */;
			projectDirPath = "";
			projectRoot = "";
			targets = (
				B338D9AE1C151F28004C293B /* ExpandableTableView */,
			);
		};
/* End PBXProject section */

/* Begin PBXResourcesBuildPhase section */
		B338D9AD1C151F28004C293B /* Resources */ = {
			isa = PBXResourcesBuildPhase;
			buildActionMask = 2147483647;
			files = (
				B338D9BD1C151F28004C293B /* LaunchScreen.storyboard in Resources */,
				B338D9BA1C151F28004C293B /* Assets.xcassets in Resources */,
				B338D9B81C151F28004C293B /* Main.storyboard in Resources */,
			);
			runOnlyForDeploymentPostprocessing = 0;
		};
/* End PBXResourcesBuildPhase section */

/* Begin PBXSourcesBuildPhase section */
		B338D9AB1C151F28004C293B /* Sources */ = {
			isa = PBXSourcesBuildPhase;
			buildActionMask = 2147483647;
			files = (
				B34899361C19298500823079 /* ViewController2.swift in Sources */,
				B338D9B51C151F28004C293B /* ViewController.swift in Sources */,
				B338D9B31C151F28004C293B /* AppDelegate.swift in Sources */,
				B34899341C191B5300823079 /* ExpandableView.swift in Sources */,
				B338D9CA1C15B684004C293B /* ExpandableTableView.swift in Sources */,
			);
			runOnlyForDeploymentPostprocessing = 0;
		};
/* End PBXSourcesBuildPhase section */

/* Begin PBXVariantGroup section */
		B338D9B61C151F28004C293B /* Main.storyboard */ = {
			isa = PBXVariantGroup;
			children = (
				B338D9B71C151F28004C293B /* Base */,
			);
			name = Main.storyboard;
			sourceTree = "<group>";
		};
		B338D9BB1C151F28004C293B /* LaunchScreen.storyboard */ = {
			isa = PBXVariantGroup;
			children = (
				B338D9BC1C151F28004C293B /* Base */,
			);
			name = LaunchScreen.storyboard;
			sourceTree = "<group>";
		};
/* End PBXVariantGroup section */

/* Begin XCBuildConfiguration section */
		B338D9BF1C151F28004C293B /* Debug */ = {
			isa = XCBuildConfiguration;
			buildSettings = {
				ALWAYS_SEARCH_USER_PATHS = NO;
				CLANG_CXX_LANGUAGE_STANDARD = "gnu++0x";
				CLANG_CXX_LIBRARY = "libc++";
				CLANG_ENABLE_MODULES = YES;
				CLANG_ENABLE_OBJC_ARC = YES;
				CLANG_WARN_BOOL_CONVERSION = YES;
				CLANG_WARN_CONSTANT_CONVERSION = YES;
				CLANG_WARN_DIRECT_OBJC_ISA_USAGE = YES_ERROR;
				CLANG_WARN_EMPTY_BODY = YES;
				CLANG_WARN_ENUM_CONVERSION = YES;
				CLANG_WARN_INT_CONVERSION = YES;
				CLANG_WARN_OBJC_ROOT_CLASS = YES_ERROR;
				CLANG_WARN_UNREACHABLE_CODE = YES;
				CLANG_WARN__DUPLICATE_METHOD_MATCH = YES;
				"CODE_SIGN_IDENTITY[sdk=iphoneos*]" = "iPhone Developer";
				COPY_PHASE_STRIP = NO;
				DEBUG_INFORMATION_FORMAT = dwarf;
				ENABLE_STRICT_OBJC_MSGSEND = YES;
				ENABLE_TESTABILITY = YES;
				GCC_C_LANGUAGE_STANDARD = gnu99;
				GCC_DYNAMIC_NO_PIC = NO;
				GCC_NO_COMMON_BLOCKS = YES;
				GCC_OPTIMIZATION_LEVEL = 0;
				GCC_PREPROCESSOR_DEFINITIONS = (
					"DEBUG=1",
					"$(inherited)",
				);
				GCC_WARN_64_TO_32_BIT_CONVERSION = YES;
				GCC_WARN_ABOUT_RETURN_TYPE = YES_ERROR;
				GCC_WARN_UNDECLARED_SELECTOR = YES;
				GCC_WARN_UNINITIALIZED_AUTOS = YES_AGGRESSIVE;
				GCC_WARN_UNUSED_FUNCTION = YES;
				GCC_WARN_UNUSED_VARIABLE = YES;
				IPHONEOS_DEPLOYMENT_TARGET = 9.1;
				MTL_ENABLE_DEBUG_INFO = YES;
				ONLY_ACTIVE_ARCH = YES;
				SDKROOT = iphoneos;
				SWIFT_OPTIMIZATION_LEVEL = "-Onone";
				TARGETED_DEVICE_FAMILY = "1,2";
			};
			name = Debug;
		};
		B338D9C01C151F28004C293B /* Release */ = {
			isa = XCBuildConfiguration;
			buildSettings = {
				ALWAYS_SEARCH_USER_PATHS = NO;
				CLANG_CXX_LANGUAGE_STANDARD = "gnu++0x";
				CLANG_CXX_LIBRARY = "libc++";
				CLANG_ENABLE_MODULES = YES;
				CLANG_ENABLE_OBJC_ARC = YES;
				CLANG_WARN_BOOL_CONVERSION = YES;
				CLANG_WARN_CONSTANT_CONVERSION = YES;
				CLANG_WARN_DIRECT_OBJC_ISA_USAGE = YES_ERROR;
				CLANG_WARN_EMPTY_BODY = YES;
				CLANG_WARN_ENUM_CONVERSION = YES;
				CLANG_WARN_INT_CONVERSION = YES;
				CLANG_WARN_OBJC_ROOT_CLASS = YES_ERROR;
				CLANG_WARN_UNREACHABLE_CODE = YES;
				CLANG_WARN__DUPLICATE_METHOD_MATCH = YES;
				"CODE_SIGN_IDENTITY[sdk=iphoneos*]" = "iPhone Developer";
				COPY_PHASE_STRIP = NO;
				DEBUG_INFORMATION_FORMAT = "dwarf-with-dsym";
				ENABLE_NS_ASSERTIONS = NO;
				ENABLE_STRICT_OBJC_MSGSEND = YES;
				GCC_C_LANGUAGE_STANDARD = gnu99;
				GCC_NO_COMMON_BLOCKS = YES;
				GCC_WARN_64_TO_32_BIT_CONVERSION = YES;
				GCC_WARN_ABOUT_RETURN_TYPE = YES_ERROR;
				GCC_WARN_UNDECLARED_SELECTOR = YES;
				GCC_WARN_UNINITIALIZED_AUTOS = YES_AGGRESSIVE;
				GCC_WARN_UNUSED_FUNCTION = YES;
				GCC_WARN_UNUSED_VARIABLE = YES;
				IPHONEOS_DEPLOYMENT_TARGET = 9.1;
				MTL_ENABLE_DEBUG_INFO = NO;
				SDKROOT = iphoneos;
				TARGETED_DEVICE_FAMILY = "1,2";
				VALIDATE_PRODUCT = YES;
			};
			name = Release;
		};
		B338D9C21C151F28004C293B /* Debug */ = {
			isa = XCBuildConfiguration;
			buildSettings = {
				ASSETCATALOG_COMPILER_APPICON_NAME = AppIcon;
				INFOPLIST_FILE = ExpandableTableView/Info.plist;
				LD_RUNPATH_SEARCH_PATHS = "$(inherited) @executable_path/Frameworks";
				PRODUCT_BUNDLE_IDENTIFIER = hendy.test.ExpandableTableView;
				PRODUCT_NAME = "$(TARGET_NAME)";
			};
			name = Debug;
		};
		B338D9C31C151F28004C293B /* Release */ = {
			isa = XCBuildConfiguration;
			buildSettings = {
				ASSETCATALOG_COMPILER_APPICON_NAME = AppIcon;
				INFOPLIST_FILE = ExpandableTableView/Info.plist;
				LD_RUNPATH_SEARCH_PATHS = "$(inherited) @executable_path/Frameworks";
				PRODUCT_BUNDLE_IDENTIFIER = hendy.test.ExpandableTableView;
				PRODUCT_NAME = "$(TARGET_NAME)";
			};
			name = Release;
		};
/* End XCBuildConfiguration section */

/* Begin XCConfigurationList section */
		B338D9AA1C151F28004C293B /* Build configuration list for PBXProject "ExpandableTableView" */ = {
			isa = XCConfigurationList;
			buildConfigurations = (
				B338D9BF1C151F28004C293B /* Debug */,
				B338D9C01C151F28004C293B /* Release */,
			);
			defaultConfigurationIsVisible = 0;
			defaultConfigurationName = Release;
		};
		B338D9C11C151F28004C293B /* Build configuration list for PBXNativeTarget "ExpandableTableView" */ = {
			isa = XCConfigurationList;
			buildConfigurations = (
				B338D9C21C151F28004C293B /* Debug */,
				B338D9C31C151F28004C293B /* Release */,
			);
			defaultConfigurationIsVisible = 0;
			defaultConfigurationName = Release;
		};
/* End XCConfigurationList section */
	};
	rootObject = B338D9A71C151F28004C293B /* Project object */;
}
